<?xml version="1.0" encoding="utf-8"?>
<Project ToolsVersion="4.0" xmlns="http://schemas.microsoft.com/developer/msbuild/2003">
  <ItemGroup>
    <Filter Include="Source Files">
      <UniqueIdentifier>{4FC737F1-C7A5-4376-A066-2A32D752A2FF}</UniqueIdentifier>
      <Extensions>cpp;c;cc;cxx;def;odl;idl;hpj;bat;asm;asmx</Extensions>
    </Filter>
    <Filter Include="Header Files">
      <UniqueIdentifier>{93995380-89BD-4b04-88EB-625FBE52EBFB}</UniqueIdentifier>
      <Extensions>h;hpp;hxx;hm;inl;inc;xsd</Extensions>
    </Filter>
    <Filter Include="Resource Files">
      <UniqueIdentifier>{67DA6AB6-F800-4c08-8B7A-83BB121AAD01}</UniqueIdentifier>
      <Extensions>rc;ico;cur;bmp;dlg;rc2;rct;bin;rgs;gif;jpg;jpeg;jpe;resx;tiff;tif;png;wav;mfcribbon-ms</Extensions>
    </Filter>
    <Filter Include="Header Files\Tower Classes">
      <UniqueIdentifier>{b09000c3-cc7a-45e3-a079-92847a204502}</UniqueIdentifier>
    </Filter>
    <Filter Include="Source Files\Tower Class">
      <UniqueIdentifier>{aa604bb8-9923-43e2-ad56-4d1db3704301}</UniqueIdentifier>
    </Filter>
    <Filter Include="Header Files\Strategy Classes">
      <UniqueIdentifier>{511bf4b4-6768-4c9f-a289-0168db0724e7}</UniqueIdentifier>
    </Filter>
    <Filter Include="Source Files\Strategy Classes">
      <UniqueIdentifier>{9302ef42-b8bc-48e8-b946-e44f67f41f57}</UniqueIdentifier>
    </Filter>
    <Filter Include="Header Files\Critter Classes">
      <UniqueIdentifier>{0e161ba0-5b49-4db0-bbb2-682c7c7e9a78}</UniqueIdentifier>
    </Filter>
    <Filter Include="Source Files\CritterClass">
      <UniqueIdentifier>{0c226edf-ee85-48ae-be2c-61ed63b7d848}</UniqueIdentifier>
    </Filter>
    <Filter Include="Header Files\Helper Classes">
      <UniqueIdentifier>{a156dd11-80a7-4527-90bd-c3315a84b47f}</UniqueIdentifier>
    </Filter>
    <Filter Include="Source Files\Helper Classes">
      <UniqueIdentifier>{b568809b-b66f-4f4e-b75b-b462c5b0e5eb}</UniqueIdentifier>
    </Filter>
  </ItemGroup>
  <ItemGroup>
    <Text Include="ReadMe.txt" />
  </ItemGroup>
  <ItemGroup>
    <ClInclude Include="TowerDefense.h">
      <Filter>Header Files</Filter>
    </ClInclude>
    <ClInclude Include="stdafx.h">
      <Filter>Header Files</Filter>
    </ClInclude>
    <ClInclude Include="targetver.h">
      <Filter>Header Files</Filter>
    </ClInclude>
    <ClInclude Include="MainFrm.h">
      <Filter>Header Files</Filter>
    </ClInclude>
    <ClInclude Include="TowerDefenseDoc.h">
      <Filter>Header Files</Filter>
    </ClInclude>
    <ClInclude Include="TowerDefenseView.h">
      <Filter>Header Files</Filter>
    </ClInclude>
    <ClInclude Include="Resource.h">
      <Filter>Header Files</Filter>
    </ClInclude>
    <ClInclude Include="Tower.h">
      <Filter>Header Files\Tower Classes</Filter>
    </ClInclude>
    <ClInclude Include="TowerA.h">
      <Filter>Header Files\Tower Classes</Filter>
    </ClInclude>
    <ClInclude Include="TowerDecorator.h">
      <Filter>Header Files\Tower Classes</Filter>
    </ClInclude>
    <ClInclude Include="TowerBurn.h">
      <Filter>Header Files\Tower Classes</Filter>
    </ClInclude>
    <ClInclude Include="TowerSplash.h">
      <Filter>Header Files\Tower Classes</Filter>
    </ClInclude>
    <ClInclude Include="TowerFreeze.h">
      <Filter>Header Files\Tower Classes</Filter>
    </ClInclude>
    <ClInclude Include="Strategy.h">
      <Filter>Header Files\Strategy Classes</Filter>
    </ClInclude>
    <ClInclude Include="CheckNearEnd.h">
      <Filter>Header Files\Strategy Classes</Filter>
    </ClInclude>
    <ClInclude Include="CheckNearTower.h">
      <Filter>Header Files\Strategy Classes</Filter>
    </ClInclude>
    <ClInclude Include="CheckStrongest.h">
      <Filter>Header Files\Strategy Classes</Filter>
    </ClInclude>
    <ClInclude Include="CheckWeakest.h">
      <Filter>Header Files\Strategy Classes</Filter>
    </ClInclude>
    <ClInclude Include="Critter.h">
      <Filter>Header Files\Critter Classes</Filter>
    </ClInclude>
    <ClInclude Include="CritterGroup.h">
      <Filter>Header Files\Critter Classes</Filter>
    </ClInclude>
    <ClInclude Include="LinkedList.h">
      <Filter>Header Files\Helper Classes</Filter>
    </ClInclude>
    <ClInclude Include="DistanceMethods.h">
      <Filter>Header Files\Helper Classes</Filter>
    </ClInclude>
  </ItemGroup>
  <ItemGroup>
    <ClCompile Include="TowerDefense.cpp">
      <Filter>Source Files</Filter>
    </ClCompile>
    <ClCompile Include="stdafx.cpp">
      <Filter>Source Files</Filter>
    </ClCompile>
    <ClCompile Include="MainFrm.cpp">
      <Filter>Source Files</Filter>
    </ClCompile>
    <ClCompile Include="TowerDefenseDoc.cpp">
      <Filter>Source Files</Filter>
    </ClCompile>
    <ClCompile Include="TowerDefenseView.cpp">
      <Filter>Source Files</Filter>
    </ClCompile>
    <ClCompile Include="Tower.cpp">
      <Filter>Source Files\Tower Class</Filter>
    </ClCompile>
    <ClCompile Include="TowerA.cpp">
      <Filter>Source Files\Tower Class</Filter>
    </ClCompile>
    <ClCompile Include="TowerDecorator.cpp">
      <Filter>Source Files\Tower Class</Filter>
    </ClCompile>
    <ClCompile Include="TowerBurn.cpp">
      <Filter>Source Files\Tower Class</Filter>
    </ClCompile>
    <ClCompile Include="TowerSplash.cpp">
      <Filter>Source Files\Tower Class</Filter>
    </ClCompile>
    <ClCompile Include="TowerFreeze.cpp">
      <Filter>Source Files\Tower Class</Filter>
    </ClCompile>
    <ClCompile Include="Strategy.cpp">
      <Filter>Source Files\Strategy Classes</Filter>
    </ClCompile>
    <ClCompile Include="CheckNearEnd.cpp">
      <Filter>Source Files\Strategy Classes</Filter>
    </ClCompile>
    <ClCompile Include="CheckNearTower.cpp">
      <Filter>Source Files\Strategy Classes</Filter>
    </ClCompile>
    <ClCompile Include="CheckStrongest.cpp">
      <Filter>Source Files\Strategy Classes</Filter>
    </ClCompile>
    <ClCompile Include="CheckWeakest.cpp">
      <Filter>Source Files\Strategy Classes</Filter>
    </ClCompile>
    <ClCompile Include="Critter.cpp">
      <Filter>Source Files\CritterClass</Filter>
    </ClCompile>
    <ClCompile Include="CritterGroup.cpp">
      <Filter>Source Files\CritterClass</Filter>
    </ClCompile>
    <ClCompile Include="LinkedList.cpp">
      <Filter>Source Files\Helper Classes</Filter>
    </ClCompile>
    <ClCompile Include="DistanceMethods.cpp">
      <Filter>Source Files\Helper Classes</Filter>
    </ClCompile>
  </ItemGroup>
  <ItemGroup>
    <ResourceCompile Include="TowerDefense.rc">
      <Filter>Resource Files</Filter>
    </ResourceCompile>
  </ItemGroup>
  <ItemGroup>
    <None Include="res\TowerDefense.rc2">
      <Filter>Resource Files</Filter>
    </None>
  </ItemGroup>
  <ItemGroup>
    <Image Include="res\TowerDefenseDoc.ico">
      <Filter>Resource Files</Filter>
    </Image>
    <Image Include="res\TowerDefense.ico">
      <Filter>Resource Files</Filter>
    </Image>
    <Image Include="res\Toolbar.bmp">
      <Filter>Resource Files</Filter>
    </Image>
  </ItemGroup>
</Project>